
Microsoft Visual Studio Solution File, Format Version 12.00
# Visual Studio Version 17
VisualStudioVersion = 17.4.33110.190
MinimumVisualStudioVersion = 10.0.40219.1
Project("{FAE04EC0-301F-11D3-BF4B-00C04F79EFBC}") = "ConeXion", "ConeXion\ConeXion.csproj", "{679F4341-24DA-476C-AD3F-60401C0091A8}"
EndProject
Project("{FAE04EC0-301F-11D3-BF4B-00C04F79EFBC}") = "ConeXion.Core", "ConeXion.Core\ConeXion.Core.csproj", "{AC627743-D3FF-47B4-B98E-15B3B3070074}"
EndProject
Project("{FAE04EC0-301F-11D3-BF4B-00C04F79EFBC}") = "ConeXion.Infrastructure", "ConeXion.Infrastructure\ConeXion.Infrastructure.csproj", "{5C353A25-78AE-41FA-9832-BF3AF0BB78E9}"
EndProject
Global
	GlobalSection(SolutionConfigurationPlatforms) = preSolution
		Debug|Any CPU = Debug|Any CPU
		Release|Any CPU = Release|Any CPU
	EndGlobalSection
	GlobalSection(ProjectConfigurationPlatforms) = postSolution
		{679F4341-24DA-476C-AD3F-60401C0091A8}.Debug|Any CPU.ActiveCfg = Debug|Any CPU
		{679F4341-24DA-476C-AD3F-60401C0091A8}.Debug|Any CPU.Build.0 = Debug|Any CPU
		{679F4341-24DA-476C-AD3F-60401C0091A8}.Release|Any CPU.ActiveCfg = Release|Any CPU
		{679F4341-24DA-476C-AD3F-60401C0091A8}.Release|Any CPU.Build.0 = Release|Any CPU
		{AC627743-D3FF-47B4-B98E-15B3B3070074}.Debug|Any CPU.ActiveCfg = Debug|Any CPU
		{AC627743-D3FF-47B4-B98E-15B3B3070074}.Debug|Any CPU.Build.0 = Debug|Any CPU
		{AC627743-D3FF-47B4-B98E-15B3B3070074}.Release|Any CPU.ActiveCfg = Release|Any CPU
		{AC627743-D3FF-47B4-B98E-15B3B3070074}.Release|Any CPU.Build.0 = Release|Any CPU
		{5C353A25-78AE-41FA-9832-BF3AF0BB78E9}.Debug|Any CPU.ActiveCfg = Debug|Any CPU
		{5C353A25-78AE-41FA-9832-BF3AF0BB78E9}.Debug|Any CPU.Build.0 = Debug|Any CPU
		{5C353A25-78AE-41FA-9832-BF3AF0BB78E9}.Release|Any CPU.ActiveCfg = Release|Any CPU
		{5C353A25-78AE-41FA-9832-BF3AF0BB78E9}.Release|Any CPU.Build.0 = Release|Any CPU
	EndGlobalSection
	GlobalSection(SolutionProperties) = preSolution
		HideSolutionNode = FALSE
	EndGlobalSection
	GlobalSection(ExtensibilityGlobals) = postSolution
		SolutionGuid = {0221ADAD-42C5-44E9-90F9-D062E32A2A55}
	EndGlobalSection
EndGlobal
